
Microsoft Visual Studio Solution File, Format Version 12.00
# Visual Studio Version 17
VisualStudioVersion = 17.13.35931.197
MinimumVisualStudioVersion = 10.0.40219.1
Project("{2150E333-8FDC-42A3-9474-1A3956D46DE8}") = "gateway", "gateway", "{02EA681E-C7D8-13C7-8484-4AC65E1B71E8}"
EndProject
Project("{2150E333-8FDC-42A3-9474-1A3956D46DE8}") = "services", "services", "{85999695-A746-40A8-B500-D1BD28D3431F}"
EndProject
Project("{2150E333-8FDC-42A3-9474-1A3956D46DE8}") = "infrastructure", "infrastructure", "{A46AD746-D3AE-455E-8022-8D9E4D86E4C8}"
EndProject
Project("{2150E333-8FDC-42A3-9474-1A3956D46DE8}") = "deployment", "deployment", "{65A89CA6-442C-4944-AFE5-0BA976BE3D3E}"
EndProject
Project("{2150E333-8FDC-42A3-9474-1A3956D46DE8}") = "identity", "identity", "{1270BD70-C898-46E8-A4AB-FD02D0F280F7}"
EndProject
Project("{2150E333-8FDC-42A3-9474-1A3956D46DE8}") = "product", "product", "{DAD47F4F-3C8D-4DC9-B761-FE0D2C9A858D}"
EndProject
Project("{2150E333-8FDC-42A3-9474-1A3956D46DE8}") = "cart", "cart", "{CBE5E2B3-DB35-4113-A8A2-2189F0C1ED93}"
EndProject
Project("{2150E333-8FDC-42A3-9474-1A3956D46DE8}") = "payment", "payment", "{685AFE62-6E6C-4A8B-B7FD-A5F3FFD4A1F3}"
EndProject
Project("{2150E333-8FDC-42A3-9474-1A3956D46DE8}") = "order", "order", "{E898A895-008B-4B74-90AE-D5C00AFA9B15}"
EndProject
Project("{2150E333-8FDC-42A3-9474-1A3956D46DE8}") = "inventory", "inventory", "{43252D8B-2F09-4CB3-B19D-9209C43859BD}"
EndProject
Project("{FAE04EC0-301F-11D3-BF4B-00C04F79EFBC}") = "ECommerce.APIGateway", "gateway\ECommerce.APIGateway\ECommerce.APIGateway.csproj", "{39BBF904-7B1E-4E49-A809-E7AE41647074}"
EndProject
Project("{FAE04EC0-301F-11D3-BF4B-00C04F79EFBC}") = "ECommerce.Identity.API", "services\identity\Ecommerce.Identity.API\ECommerce.Identity.API.csproj", "{199A71B0-4079-43D6-9A3D-3AEEDA57204B}"
EndProject
Project("{2150E333-8FDC-42A3-9474-1A3956D46DE8}") = "docs", "docs", "{AE1D9599-AD80-4254-84BF-C83476F496F7}"
EndProject
Project("{2150E333-8FDC-42A3-9474-1A3956D46DE8}") = "tests", "tests", "{772869B3-C19D-4516-ABB2-9AD74612FFF9}"
EndProject
Project("{FAE04EC0-301F-11D3-BF4B-00C04F79EFBC}") = "ECommerce.Inventory.API", "services\inventory\ECommerce.Inventory.API\ECommerce.Inventory.API.csproj", "{6521CF29-9446-48B7-AE7B-729210370BB4}"
EndProject
Project("{FAE04EC0-301F-11D3-BF4B-00C04F79EFBC}") = "ECommerce.Order.API", "services\order\ECommerce.Order.API\ECommerce.Order.API.csproj", "{540FC930-F5F6-4CC0-B784-CC31B71C1305}"
EndProject
Project("{FAE04EC0-301F-11D3-BF4B-00C04F79EFBC}") = "ECommerce.Cart.API", "services\cart\ECommerce.Cart.API\ECommerce.Cart.API.csproj", "{5561C0C0-4F39-42BB-8B10-0855B513659A}"
EndProject
Project("{FAE04EC0-301F-11D3-BF4B-00C04F79EFBC}") = "ECommerce.Payment.API", "services\payment\ECommerce.Payment.API\ECommerce.Payment.API.csproj", "{48D06CD5-427E-4A19-8822-24C6A3D32CDD}"
EndProject
Project("{FAE04EC0-301F-11D3-BF4B-00C04F79EFBC}") = "ECommerce.Product.API", "services\product\ECommerce.Product.API\ECommerce.Product.API.csproj", "{8510454A-738E-4298-BD78-9476E7CE7BA7}"
EndProject
Project("{FAE04EC0-301F-11D3-BF4B-00C04F79EFBC}") = "ECommerce.BuildingBlocks", "infrastructure\ECommerce.BuildingBolcks\ECommerce.BuildingBlocks.csproj", "{74FFB6E8-4AE8-4F50-928C-C52409028C8F}"
EndProject
Project("{FAE04EC0-301F-11D3-BF4B-00C04F79EFBC}") = "ECommerce.SharedKernel", "infrastructure\ECommerce.SharedKernel\ECommerce.SharedKernel.csproj", "{A0E8D9BF-95EE-4BDB-B6C6-C3A90B08F33C}"
EndProject
Project("{2150E333-8FDC-42A3-9474-1A3956D46DE8}") = "k8s", "k8s", "{AEE88230-D887-4628-B54A-BB1554A2A46B}"
EndProject
Project("{2150E333-8FDC-42A3-9474-1A3956D46DE8}") = "env", "env", "{FC5A1BC0-8318-4276-AF67-06C60FD9FA7A}"
EndProject
Project("{FAE04EC0-301F-11D3-BF4B-00C04F79EFBC}") = "ECommerce.Cart.Tests", "tests\ECommerce.Cart.Tests\ECommerce.Cart.Tests.csproj", "{AC486055-0487-459B-B0A9-94C297D67E97}"
EndProject
Global
	GlobalSection(SolutionConfigurationPlatforms) = preSolution
		Debug|Any CPU = Debug|Any CPU
		Release|Any CPU = Release|Any CPU
	EndGlobalSection
	GlobalSection(ProjectConfigurationPlatforms) = postSolution
		{39BBF904-7B1E-4E49-A809-E7AE41647074}.Debug|Any CPU.ActiveCfg = Debug|Any CPU
		{39BBF904-7B1E-4E49-A809-E7AE41647074}.Debug|Any CPU.Build.0 = Debug|Any CPU
		{39BBF904-7B1E-4E49-A809-E7AE41647074}.Release|Any CPU.ActiveCfg = Release|Any CPU
		{39BBF904-7B1E-4E49-A809-E7AE41647074}.Release|Any CPU.Build.0 = Release|Any CPU
		{199A71B0-4079-43D6-9A3D-3AEEDA57204B}.Debug|Any CPU.ActiveCfg = Debug|Any CPU
		{199A71B0-4079-43D6-9A3D-3AEEDA57204B}.Debug|Any CPU.Build.0 = Debug|Any CPU
		{199A71B0-4079-43D6-9A3D-3AEEDA57204B}.Release|Any CPU.ActiveCfg = Release|Any CPU
		{199A71B0-4079-43D6-9A3D-3AEEDA57204B}.Release|Any CPU.Build.0 = Release|Any CPU
		{6521CF29-9446-48B7-AE7B-729210370BB4}.Debug|Any CPU.ActiveCfg = Debug|Any CPU
		{6521CF29-9446-48B7-AE7B-729210370BB4}.Debug|Any CPU.Build.0 = Debug|Any CPU
		{6521CF29-9446-48B7-AE7B-729210370BB4}.Release|Any CPU.ActiveCfg = Release|Any CPU
		{6521CF29-9446-48B7-AE7B-729210370BB4}.Release|Any CPU.Build.0 = Release|Any CPU
		{540FC930-F5F6-4CC0-B784-CC31B71C1305}.Debug|Any CPU.ActiveCfg = Debug|Any CPU
		{540FC930-F5F6-4CC0-B784-CC31B71C1305}.Debug|Any CPU.Build.0 = Debug|Any CPU
		{540FC930-F5F6-4CC0-B784-CC31B71C1305}.Release|Any CPU.ActiveCfg = Release|Any CPU
		{540FC930-F5F6-4CC0-B784-CC31B71C1305}.Release|Any CPU.Build.0 = Release|Any CPU
		{5561C0C0-4F39-42BB-8B10-0855B513659A}.Debug|Any CPU.ActiveCfg = Debug|Any CPU
		{5561C0C0-4F39-42BB-8B10-0855B513659A}.Debug|Any CPU.Build.0 = Debug|Any CPU
		{5561C0C0-4F39-42BB-8B10-0855B513659A}.Release|Any CPU.ActiveCfg = Release|Any CPU
		{5561C0C0-4F39-42BB-8B10-0855B513659A}.Release|Any CPU.Build.0 = Release|Any CPU
		{48D06CD5-427E-4A19-8822-24C6A3D32CDD}.Debug|Any CPU.ActiveCfg = Debug|Any CPU
		{48D06CD5-427E-4A19-8822-24C6A3D32CDD}.Debug|Any CPU.Build.0 = Debug|Any CPU
		{48D06CD5-427E-4A19-8822-24C6A3D32CDD}.Release|Any CPU.ActiveCfg = Release|Any CPU
		{48D06CD5-427E-4A19-8822-24C6A3D32CDD}.Release|Any CPU.Build.0 = Release|Any CPU
		{8510454A-738E-4298-BD78-9476E7CE7BA7}.Debug|Any CPU.ActiveCfg = Debug|Any CPU
		{8510454A-738E-4298-BD78-9476E7CE7BA7}.Debug|Any CPU.Build.0 = Debug|Any CPU
		{8510454A-738E-4298-BD78-9476E7CE7BA7}.Release|Any CPU.ActiveCfg = Release|Any CPU
		{8510454A-738E-4298-BD78-9476E7CE7BA7}.Release|Any CPU.Build.0 = Release|Any CPU
		{74FFB6E8-4AE8-4F50-928C-C52409028C8F}.Debug|Any CPU.ActiveCfg = Debug|Any CPU
		{74FFB6E8-4AE8-4F50-928C-C52409028C8F}.Debug|Any CPU.Build.0 = Debug|Any CPU
		{74FFB6E8-4AE8-4F50-928C-C52409028C8F}.Release|Any CPU.ActiveCfg = Release|Any CPU
		{74FFB6E8-4AE8-4F50-928C-C52409028C8F}.Release|Any CPU.Build.0 = Release|Any CPU
		{A0E8D9BF-95EE-4BDB-B6C6-C3A90B08F33C}.Debug|Any CPU.ActiveCfg = Debug|Any CPU
		{A0E8D9BF-95EE-4BDB-B6C6-C3A90B08F33C}.Debug|Any CPU.Build.0 = Debug|Any CPU
		{A0E8D9BF-95EE-4BDB-B6C6-C3A90B08F33C}.Release|Any CPU.ActiveCfg = Release|Any CPU
		{A0E8D9BF-95EE-4BDB-B6C6-C3A90B08F33C}.Release|Any CPU.Build.0 = Release|Any CPU
		{AC486055-0487-459B-B0A9-94C297D67E97}.Debug|Any CPU.ActiveCfg = Debug|Any CPU
		{AC486055-0487-459B-B0A9-94C297D67E97}.Debug|Any CPU.Build.0 = Debug|Any CPU
		{AC486055-0487-459B-B0A9-94C297D67E97}.Release|Any CPU.ActiveCfg = Release|Any CPU
		{AC486055-0487-459B-B0A9-94C297D67E97}.Release|Any CPU.Build.0 = Release|Any CPU
	EndGlobalSection
	GlobalSection(SolutionProperties) = preSolution
		HideSolutionNode = FALSE
	EndGlobalSection
	GlobalSection(NestedProjects) = preSolution
		{1270BD70-C898-46E8-A4AB-FD02D0F280F7} = {85999695-A746-40A8-B500-D1BD28D3431F}
		{DAD47F4F-3C8D-4DC9-B761-FE0D2C9A858D} = {85999695-A746-40A8-B500-D1BD28D3431F}
		{CBE5E2B3-DB35-4113-A8A2-2189F0C1ED93} = {85999695-A746-40A8-B500-D1BD28D3431F}
		{685AFE62-6E6C-4A8B-B7FD-A5F3FFD4A1F3} = {85999695-A746-40A8-B500-D1BD28D3431F}
		{E898A895-008B-4B74-90AE-D5C00AFA9B15} = {85999695-A746-40A8-B500-D1BD28D3431F}
		{43252D8B-2F09-4CB3-B19D-9209C43859BD} = {85999695-A746-40A8-B500-D1BD28D3431F}
		{39BBF904-7B1E-4E49-A809-E7AE41647074} = {02EA681E-C7D8-13C7-8484-4AC65E1B71E8}
		{199A71B0-4079-43D6-9A3D-3AEEDA57204B} = {1270BD70-C898-46E8-A4AB-FD02D0F280F7}
		{6521CF29-9446-48B7-AE7B-729210370BB4} = {43252D8B-2F09-4CB3-B19D-9209C43859BD}
		{540FC930-F5F6-4CC0-B784-CC31B71C1305} = {E898A895-008B-4B74-90AE-D5C00AFA9B15}
		{5561C0C0-4F39-42BB-8B10-0855B513659A} = {CBE5E2B3-DB35-4113-A8A2-2189F0C1ED93}
		{48D06CD5-427E-4A19-8822-24C6A3D32CDD} = {685AFE62-6E6C-4A8B-B7FD-A5F3FFD4A1F3}
		{8510454A-738E-4298-BD78-9476E7CE7BA7} = {DAD47F4F-3C8D-4DC9-B761-FE0D2C9A858D}
		{74FFB6E8-4AE8-4F50-928C-C52409028C8F} = {A46AD746-D3AE-455E-8022-8D9E4D86E4C8}
		{A0E8D9BF-95EE-4BDB-B6C6-C3A90B08F33C} = {A46AD746-D3AE-455E-8022-8D9E4D86E4C8}
		{AEE88230-D887-4628-B54A-BB1554A2A46B} = {65A89CA6-442C-4944-AFE5-0BA976BE3D3E}
		{FC5A1BC0-8318-4276-AF67-06C60FD9FA7A} = {65A89CA6-442C-4944-AFE5-0BA976BE3D3E}
		{AC486055-0487-459B-B0A9-94C297D67E97} = {772869B3-C19D-4516-ABB2-9AD74612FFF9}
	EndGlobalSection
	GlobalSection(ExtensibilityGlobals) = postSolution
		SolutionGuid = {231BE29F-1DE4-42D6-A811-46158769F6D2}
	EndGlobalSection
EndGlobal
